
Microsoft Visual Studio Solution File, Format Version 12.00
# Visual Studio Version 17
VisualStudioVersion = 17.3.32922.545
MinimumVisualStudioVersion = 10.0.40219.1
Project("{FAE04EC0-301F-11D3-BF4B-00C04F79EFBC}") = "NebulooWebTest", "NebulooWebTest\NebulooWebTest.csproj", "{DAA438CD-E9FC-4B98-9121-EFF1C803B569}"
EndProject
Global
	GlobalSection(SolutionConfigurationPlatforms) = preSolution
		Debug|Any CPU = Debug|Any CPU
		Release|Any CPU = Release|Any CPU
	EndGlobalSection
	GlobalSection(ProjectConfigurationPlatforms) = postSolution
		{DAA438CD-E9FC-4B98-9121-EFF1C803B569}.Debug|Any CPU.ActiveCfg = Debug|Any CPU
		{DAA438CD-E9FC-4B98-9121-EFF1C803B569}.Debug|Any CPU.Build.0 = Debug|Any CPU
		{DAA438CD-E9FC-4B98-9121-EFF1C803B569}.Release|Any CPU.ActiveCfg = Release|Any CPU
		{DAA438CD-E9FC-4B98-9121-EFF1C803B569}.Release|Any CPU.Build.0 = Release|Any CPU
	EndGlobalSection
	GlobalSection(SolutionProperties) = preSolution
		HideSolutionNode = FALSE
	EndGlobalSection
	GlobalSection(ExtensibilityGlobals) = postSolution
		SolutionGuid = {A82F6818-7FEC-4E35-80AC-5F209B984D63}
	EndGlobalSection
EndGlobal
